
Microsoft Visual Studio Solution File, Format Version 12.00
# Visual Studio Version 17
VisualStudioVersion = 17.6.33829.357
MinimumVisualStudioVersion = 10.0.40219.1
Project("{FAE04EC0-301F-11D3-BF4B-00C04F79EFBC}") = "MyRegex.App", "Regex.App\MyRegex.App.csproj", "{C208C0F9-2ECA-4CD3-ACAE-1C13A2ECD1BD}"
EndProject
Global
	GlobalSection(SolutionConfigurationPlatforms) = preSolution
		Debug|Any CPU = Debug|Any CPU
		Release|Any CPU = Release|Any CPU
	EndGlobalSection
	GlobalSection(ProjectConfigurationPlatforms) = postSolution
		{C208C0F9-2ECA-4CD3-ACAE-1C13A2ECD1BD}.Debug|Any CPU.ActiveCfg = Debug|Any CPU
		{C208C0F9-2ECA-4CD3-ACAE-1C13A2ECD1BD}.Debug|Any CPU.Build.0 = Debug|Any CPU
		{C208C0F9-2ECA-4CD3-ACAE-1C13A2ECD1BD}.Release|Any CPU.ActiveCfg = Release|Any CPU
		{C208C0F9-2ECA-4CD3-ACAE-1C13A2ECD1BD}.Release|Any CPU.Build.0 = Release|Any CPU
	EndGlobalSection
	GlobalSection(SolutionProperties) = preSolution
		HideSolutionNode = FALSE
	EndGlobalSection
	GlobalSection(ExtensibilityGlobals) = postSolution
		SolutionGuid = {CE3C5F97-A27A-4CE1-903A-A10110508B33}
	EndGlobalSection
EndGlobal
